{
  "object": {
    "pins": [
      {
        "package": "MyLibraryB",
        "repositoryURL": "git@github.com:Ro-M/SPM-Versioning-LibraryB",
        "state": {
          "branch": null,
          "revision": "32d4bd8cd2d7f2c78a80c96f64f8e83456731188",
          "version": "1.0.0"
        }
      }
    ]
  },
  "version": 1
}
